{
  "name": "claim-wish-system",
  "version": "1.0.0",
  "lockfileVersion": 1,
  "requires": true,
  "dependencies": {
    "datascript": {
      "version": "0.16.6",
      "resolved": "https://registry.npmjs.org/datascript/-/datascript-0.16.6.tgz",
      "integrity": "sha512-YY909AkVenPiwq0JFFtGvfYB5ick0hW5KiFEyjtxQpmjpSYUzgL7GOOv9t7gtVt9XjvSpTA4TFIciwSEV+LG/Q=="
    }
  }
}
